
Microsoft Visual Studio Solution File, Format Version 11.00
# Visual Studio 2010
Project("{FAE04EC0-301F-11D3-BF4B-00C04F79EFBC}") = "TCPServerNew", "TCPServerNew\TCPServerNew.csproj", "{F6ADF0DC-5111-4CCA-A0D2-7C93BE9A2AEF}"
EndProject
Project("{FAE04EC0-301F-11D3-BF4B-00C04F79EFBC}") = "MKServer", "MKServer\MKServer.csproj", "{E1587A1B-BA4A-4E83-A026-B1783A17BF72}"
EndProject
Global
	GlobalSection(SolutionConfigurationPlatforms) = preSolution
		Debug|Any CPU = Debug|Any CPU
		Debug|Mixed Platforms = Debug|Mixed Platforms
		Debug|x86 = Debug|x86
		Release|Any CPU = Release|Any CPU
		Release|Mixed Platforms = Release|Mixed Platforms
		Release|x86 = Release|x86
	EndGlobalSection
	GlobalSection(ProjectConfigurationPlatforms) = postSolution
		{F6ADF0DC-5111-4CCA-A0D2-7C93BE9A2AEF}.Debug|Any CPU.ActiveCfg = Debug|x86
		{F6ADF0DC-5111-4CCA-A0D2-7C93BE9A2AEF}.Debug|Mixed Platforms.ActiveCfg = Debug|x86
		{F6ADF0DC-5111-4CCA-A0D2-7C93BE9A2AEF}.Debug|Mixed Platforms.Build.0 = Debug|x86
		{F6ADF0DC-5111-4CCA-A0D2-7C93BE9A2AEF}.Debug|x86.ActiveCfg = Debug|x86
		{F6ADF0DC-5111-4CCA-A0D2-7C93BE9A2AEF}.Debug|x86.Build.0 = Debug|x86
		{F6ADF0DC-5111-4CCA-A0D2-7C93BE9A2AEF}.Release|Any CPU.ActiveCfg = Release|x86
		{F6ADF0DC-5111-4CCA-A0D2-7C93BE9A2AEF}.Release|Mixed Platforms.ActiveCfg = Release|x86
		{F6ADF0DC-5111-4CCA-A0D2-7C93BE9A2AEF}.Release|Mixed Platforms.Build.0 = Release|x86
		{F6ADF0DC-5111-4CCA-A0D2-7C93BE9A2AEF}.Release|x86.ActiveCfg = Release|x86
		{F6ADF0DC-5111-4CCA-A0D2-7C93BE9A2AEF}.Release|x86.Build.0 = Release|x86
		{E1587A1B-BA4A-4E83-A026-B1783A17BF72}.Debug|Any CPU.ActiveCfg = Debug|Any CPU
		{E1587A1B-BA4A-4E83-A026-B1783A17BF72}.Debug|Any CPU.Build.0 = Debug|Any CPU
		{E1587A1B-BA4A-4E83-A026-B1783A17BF72}.Debug|Mixed Platforms.ActiveCfg = Debug|Any CPU
		{E1587A1B-BA4A-4E83-A026-B1783A17BF72}.Debug|Mixed Platforms.Build.0 = Debug|Any CPU
		{E1587A1B-BA4A-4E83-A026-B1783A17BF72}.Debug|x86.ActiveCfg = Debug|Any CPU
		{E1587A1B-BA4A-4E83-A026-B1783A17BF72}.Release|Any CPU.ActiveCfg = Release|Any CPU
		{E1587A1B-BA4A-4E83-A026-B1783A17BF72}.Release|Any CPU.Build.0 = Release|Any CPU
		{E1587A1B-BA4A-4E83-A026-B1783A17BF72}.Release|Mixed Platforms.ActiveCfg = Release|Any CPU
		{E1587A1B-BA4A-4E83-A026-B1783A17BF72}.Release|Mixed Platforms.Build.0 = Release|Any CPU
		{E1587A1B-BA4A-4E83-A026-B1783A17BF72}.Release|x86.ActiveCfg = Release|Any CPU
	EndGlobalSection
	GlobalSection(SolutionProperties) = preSolution
		HideSolutionNode = FALSE
	EndGlobalSection
EndGlobal
