
Microsoft Visual Studio Solution File, Format Version 12.00
# Visual Studio 2012
Project("{FAE04EC0-301F-11D3-BF4B-00C04F79EFBC}") = "MocauManagement", "MocauManagement\MocauManagement.csproj", "{7EC924FB-4BD3-4DBF-AB24-A3D6FF1C9B63}"
EndProject
Project("{FAE04EC0-301F-11D3-BF4B-00C04F79EFBC}") = "Utility", "Utility\Utility.csproj", "{75F600B0-F4E8-4192-ADA7-5F86DD1458F5}"
EndProject
Project("{FAE04EC0-301F-11D3-BF4B-00C04F79EFBC}") = "MocauManagementDAL", "MocauManagementDAL\MocauManagementDAL.csproj", "{EDD22B32-30AC-4D56-B00F-DDA6D4B90A67}"
EndProject
Global
	GlobalSection(SolutionConfigurationPlatforms) = preSolution
		Debug|Any CPU = Debug|Any CPU
		Release|Any CPU = Release|Any CPU
	EndGlobalSection
	GlobalSection(ProjectConfigurationPlatforms) = postSolution
		{7EC924FB-4BD3-4DBF-AB24-A3D6FF1C9B63}.Debug|Any CPU.ActiveCfg = Debug|Any CPU
		{7EC924FB-4BD3-4DBF-AB24-A3D6FF1C9B63}.Debug|Any CPU.Build.0 = Debug|Any CPU
		{7EC924FB-4BD3-4DBF-AB24-A3D6FF1C9B63}.Release|Any CPU.ActiveCfg = Release|Any CPU
		{7EC924FB-4BD3-4DBF-AB24-A3D6FF1C9B63}.Release|Any CPU.Build.0 = Release|Any CPU
		{75F600B0-F4E8-4192-ADA7-5F86DD1458F5}.Debug|Any CPU.ActiveCfg = Debug|Any CPU
		{75F600B0-F4E8-4192-ADA7-5F86DD1458F5}.Debug|Any CPU.Build.0 = Debug|Any CPU
		{75F600B0-F4E8-4192-ADA7-5F86DD1458F5}.Release|Any CPU.ActiveCfg = Release|Any CPU
		{75F600B0-F4E8-4192-ADA7-5F86DD1458F5}.Release|Any CPU.Build.0 = Release|Any CPU
		{EDD22B32-30AC-4D56-B00F-DDA6D4B90A67}.Debug|Any CPU.ActiveCfg = Debug|Any CPU
		{EDD22B32-30AC-4D56-B00F-DDA6D4B90A67}.Debug|Any CPU.Build.0 = Debug|Any CPU
		{EDD22B32-30AC-4D56-B00F-DDA6D4B90A67}.Release|Any CPU.ActiveCfg = Release|Any CPU
		{EDD22B32-30AC-4D56-B00F-DDA6D4B90A67}.Release|Any CPU.Build.0 = Release|Any CPU
	EndGlobalSection
	GlobalSection(SolutionProperties) = preSolution
		HideSolutionNode = FALSE
	EndGlobalSection
EndGlobal
