
Microsoft Visual Studio Solution File, Format Version 12.00
# Visual Studio 15
VisualStudioVersion = 15.0.28010.2036
MinimumVisualStudioVersion = 10.0.40219.1
Project("{FAE04EC0-301F-11D3-BF4B-00C04F79EFBC}") = "FTPServer", "FTPServer\FTPServer.csproj", "{BEDAF95E-6956-4F8F-A0DE-230A793E9E62}"
EndProject
Global
	GlobalSection(SolutionConfigurationPlatforms) = preSolution
		Debug|Any CPU = Debug|Any CPU
		Release|Any CPU = Release|Any CPU
	EndGlobalSection
	GlobalSection(ProjectConfigurationPlatforms) = postSolution
		{BEDAF95E-6956-4F8F-A0DE-230A793E9E62}.Debug|Any CPU.ActiveCfg = Debug|Any CPU
		{BEDAF95E-6956-4F8F-A0DE-230A793E9E62}.Debug|Any CPU.Build.0 = Debug|Any CPU
		{BEDAF95E-6956-4F8F-A0DE-230A793E9E62}.Release|Any CPU.ActiveCfg = Release|Any CPU
		{BEDAF95E-6956-4F8F-A0DE-230A793E9E62}.Release|Any CPU.Build.0 = Release|Any CPU
	EndGlobalSection
	GlobalSection(SolutionProperties) = preSolution
		HideSolutionNode = FALSE
	EndGlobalSection
	GlobalSection(ExtensibilityGlobals) = postSolution
		SolutionGuid = {1E0C7C28-3062-4D61-86A0-AC3985F9D861}
	EndGlobalSection
EndGlobal
